
Microsoft Visual Studio Solution File, Format Version 12.00
# Visual Studio Version 17
VisualStudioVersion = 17.2.32630.192
MinimumVisualStudioVersion = 10.0.40219.1
Project("{FAE04EC0-301F-11D3-BF4B-00C04F79EFBC}") = "IAula1505", "IAula1505\IAula1505.csproj", "{EBFA3520-056A-4F4B-BBDA-00E117002C8E}"
EndProject
Global
	GlobalSection(SolutionConfigurationPlatforms) = preSolution
		Debug|Any CPU = Debug|Any CPU
		Release|Any CPU = Release|Any CPU
	EndGlobalSection
	GlobalSection(ProjectConfigurationPlatforms) = postSolution
		{EBFA3520-056A-4F4B-BBDA-00E117002C8E}.Debug|Any CPU.ActiveCfg = Debug|Any CPU
		{EBFA3520-056A-4F4B-BBDA-00E117002C8E}.Debug|Any CPU.Build.0 = Debug|Any CPU
		{EBFA3520-056A-4F4B-BBDA-00E117002C8E}.Release|Any CPU.ActiveCfg = Release|Any CPU
		{EBFA3520-056A-4F4B-BBDA-00E117002C8E}.Release|Any CPU.Build.0 = Release|Any CPU
	EndGlobalSection
	GlobalSection(SolutionProperties) = preSolution
		HideSolutionNode = FALSE
	EndGlobalSection
	GlobalSection(ExtensibilityGlobals) = postSolution
		SolutionGuid = {CE8D1E68-8CBD-4060-9C79-AF089E47ED41}
	EndGlobalSection
EndGlobal
