
Microsoft Visual Studio Solution File, Format Version 12.00
# Visual Studio Version 17
VisualStudioVersion = 17.2.32630.192
MinimumVisualStudioVersion = 10.0.40219.1
Project("{FAE04EC0-301F-11D3-BF4B-00C04F79EFBC}") = "WF_ADONet", "WF_ADONet\WF_ADONet.csproj", "{B436CA4A-1024-44AD-859F-FB5611EFDCFA}"
EndProject
Global
	GlobalSection(SolutionConfigurationPlatforms) = preSolution
		Debug|Any CPU = Debug|Any CPU
		Release|Any CPU = Release|Any CPU
	EndGlobalSection
	GlobalSection(ProjectConfigurationPlatforms) = postSolution
		{B436CA4A-1024-44AD-859F-FB5611EFDCFA}.Debug|Any CPU.ActiveCfg = Debug|Any CPU
		{B436CA4A-1024-44AD-859F-FB5611EFDCFA}.Debug|Any CPU.Build.0 = Debug|Any CPU
		{B436CA4A-1024-44AD-859F-FB5611EFDCFA}.Release|Any CPU.ActiveCfg = Release|Any CPU
		{B436CA4A-1024-44AD-859F-FB5611EFDCFA}.Release|Any CPU.Build.0 = Release|Any CPU
	EndGlobalSection
	GlobalSection(SolutionProperties) = preSolution
		HideSolutionNode = FALSE
	EndGlobalSection
	GlobalSection(ExtensibilityGlobals) = postSolution
		SolutionGuid = {5B8F202C-F8E8-47AA-BA51-5683411D788D}
	EndGlobalSection
EndGlobal
