
Microsoft Visual Studio Solution File, Format Version 12.00
# Visual Studio Version 17
VisualStudioVersion = 17.2.32616.157
MinimumVisualStudioVersion = 10.0.40219.1
Project("{FAE04EC0-301F-11D3-BF4B-00C04F79EFBC}") = "WinFormsApp4", "WinFormsApp4.csproj", "{3EAF99F2-7AE6-4A10-BEDE-84A84D94D207}"
EndProject
Global
	GlobalSection(SolutionConfigurationPlatforms) = preSolution
		Debug|Any CPU = Debug|Any CPU
		Release|Any CPU = Release|Any CPU
	EndGlobalSection
	GlobalSection(ProjectConfigurationPlatforms) = postSolution
		{3EAF99F2-7AE6-4A10-BEDE-84A84D94D207}.Debug|Any CPU.ActiveCfg = Debug|Any CPU
		{3EAF99F2-7AE6-4A10-BEDE-84A84D94D207}.Debug|Any CPU.Build.0 = Debug|Any CPU
		{3EAF99F2-7AE6-4A10-BEDE-84A84D94D207}.Release|Any CPU.ActiveCfg = Release|Any CPU
		{3EAF99F2-7AE6-4A10-BEDE-84A84D94D207}.Release|Any CPU.Build.0 = Release|Any CPU
	EndGlobalSection
	GlobalSection(SolutionProperties) = preSolution
		HideSolutionNode = FALSE
	EndGlobalSection
	GlobalSection(ExtensibilityGlobals) = postSolution
		SolutionGuid = {577AA228-6D46-409E-B823-BAEBA603C0B4}
	EndGlobalSection
EndGlobal
