
Microsoft Visual Studio Solution File, Format Version 12.00
# Visual Studio Version 17
VisualStudioVersion = 17.2.32630.192
MinimumVisualStudioVersion = 10.0.40219.1
Project("{FAE04EC0-301F-11D3-BF4B-00C04F79EFBC}") = "Aula1505", "Aula1505\Aula1505.csproj", "{79A8B30B-7196-4A82-9F5D-C7266CE4DC3A}"
EndProject
Global
	GlobalSection(SolutionConfigurationPlatforms) = preSolution
		Debug|Any CPU = Debug|Any CPU
		Release|Any CPU = Release|Any CPU
	EndGlobalSection
	GlobalSection(ProjectConfigurationPlatforms) = postSolution
		{79A8B30B-7196-4A82-9F5D-C7266CE4DC3A}.Debug|Any CPU.ActiveCfg = Debug|Any CPU
		{79A8B30B-7196-4A82-9F5D-C7266CE4DC3A}.Debug|Any CPU.Build.0 = Debug|Any CPU
		{79A8B30B-7196-4A82-9F5D-C7266CE4DC3A}.Release|Any CPU.ActiveCfg = Release|Any CPU
		{79A8B30B-7196-4A82-9F5D-C7266CE4DC3A}.Release|Any CPU.Build.0 = Release|Any CPU
	EndGlobalSection
	GlobalSection(SolutionProperties) = preSolution
		HideSolutionNode = FALSE
	EndGlobalSection
	GlobalSection(ExtensibilityGlobals) = postSolution
		SolutionGuid = {46D4F041-7631-4DA3-84BB-EBDCA9B80CD3}
	EndGlobalSection
EndGlobal
