
Microsoft Visual Studio Solution File, Format Version 12.00
# Visual Studio Version 17
VisualStudioVersion = 17.1.32407.343
MinimumVisualStudioVersion = 10.0.40219.1
Project("{FAE04EC0-301F-11D3-BF4B-00C04F79EFBC}") = "WinFormsApp2", "WinFormsApp2.csproj", "{3E90A06E-F467-4CEF-90ED-40EF77863FBC}"
EndProject
Global
	GlobalSection(SolutionConfigurationPlatforms) = preSolution
		Debug|Any CPU = Debug|Any CPU
		Release|Any CPU = Release|Any CPU
	EndGlobalSection
	GlobalSection(ProjectConfigurationPlatforms) = postSolution
		{3E90A06E-F467-4CEF-90ED-40EF77863FBC}.Debug|Any CPU.ActiveCfg = Debug|Any CPU
		{3E90A06E-F467-4CEF-90ED-40EF77863FBC}.Debug|Any CPU.Build.0 = Debug|Any CPU
		{3E90A06E-F467-4CEF-90ED-40EF77863FBC}.Release|Any CPU.ActiveCfg = Release|Any CPU
		{3E90A06E-F467-4CEF-90ED-40EF77863FBC}.Release|Any CPU.Build.0 = Release|Any CPU
	EndGlobalSection
	GlobalSection(SolutionProperties) = preSolution
		HideSolutionNode = FALSE
	EndGlobalSection
	GlobalSection(ExtensibilityGlobals) = postSolution
		SolutionGuid = {21EDF36F-2534-4AF3-8B8E-72DAA74858A7}
	EndGlobalSection
EndGlobal
