
Microsoft Visual Studio Solution File, Format Version 12.00
# Visual Studio Version 16
VisualStudioVersion = 16.0.31402.337
MinimumVisualStudioVersion = 10.0.40219.1
Project("{FAE04EC0-301F-11D3-BF4B-00C04F79EFBC}") = "WindowsFormsSerialização", "WindowsFormsSerialização\WindowsFormsSerialização.csproj", "{E3472218-D1A1-4D7E-ADB8-0159013D80E4}"
EndProject
Global
	GlobalSection(SolutionConfigurationPlatforms) = preSolution
		Debug|Any CPU = Debug|Any CPU
		Release|Any CPU = Release|Any CPU
	EndGlobalSection
	GlobalSection(ProjectConfigurationPlatforms) = postSolution
		{E3472218-D1A1-4D7E-ADB8-0159013D80E4}.Debug|Any CPU.ActiveCfg = Debug|Any CPU
		{E3472218-D1A1-4D7E-ADB8-0159013D80E4}.Debug|Any CPU.Build.0 = Debug|Any CPU
		{E3472218-D1A1-4D7E-ADB8-0159013D80E4}.Release|Any CPU.ActiveCfg = Release|Any CPU
		{E3472218-D1A1-4D7E-ADB8-0159013D80E4}.Release|Any CPU.Build.0 = Release|Any CPU
	EndGlobalSection
	GlobalSection(SolutionProperties) = preSolution
		HideSolutionNode = FALSE
	EndGlobalSection
	GlobalSection(ExtensibilityGlobals) = postSolution
		SolutionGuid = {AED638DE-7550-4D3C-8A64-93ADAD1F920A}
	EndGlobalSection
EndGlobal
